{
  "requires": true,
  "lockfileVersion": 1,
  "dependencies": {
    "csshake": {
      "version": "1.5.3",
      "resolved": "https://registry.npmjs.org/csshake/-/csshake-1.5.3.tgz",
      "integrity": "sha512-1vSyB+N/rdq7QSfqKs/Aj/LKzWFy3xdWpgEuJ63nJw1DmHDTC4rbzkagH9/aVT5otbX77i1cq99OPDIFJofAkQ=="
    },
    "jquery": {
      "version": "3.4.1",
      "resolved": "https://registry.npmjs.org/jquery/-/jquery-3.4.1.tgz",
      "integrity": "sha512-36+AdBzCL+y6qjw5Tx7HgzeGCzC81MDDgaUP8ld2zhx58HdqXGoBd+tHdrBMiyjGQs0Hxs/MLZTu/eHNJJuWPw=="
    }
  }
}
